
Microsoft Visual Studio Solution File, Format Version 12.00
# Visual Studio Version 16
VisualStudioVersion = 16.0.29519.181
MinimumVisualStudioVersion = 10.0.40219.1
Project("{FAE04EC0-301F-11D3-BF4B-00C04F79EFBC}") = "CoreWebApp", "CoreWebApp.csproj", "{C0EAB8AB-5034-4398-B51C-6B09F8FF2563}"
EndProject
Global
	GlobalSection(SolutionConfigurationPlatforms) = preSolution
		Debug|Any CPU = Debug|Any CPU
		Release|Any CPU = Release|Any CPU
	EndGlobalSection
	GlobalSection(ProjectConfigurationPlatforms) = postSolution
		{C0EAB8AB-5034-4398-B51C-6B09F8FF2563}.Debug|Any CPU.ActiveCfg = Debug|Any CPU
		{C0EAB8AB-5034-4398-B51C-6B09F8FF2563}.Debug|Any CPU.Build.0 = Debug|Any CPU
		{C0EAB8AB-5034-4398-B51C-6B09F8FF2563}.Release|Any CPU.ActiveCfg = Release|Any CPU
		{C0EAB8AB-5034-4398-B51C-6B09F8FF2563}.Release|Any CPU.Build.0 = Release|Any CPU
	EndGlobalSection
	GlobalSection(SolutionProperties) = preSolution
		HideSolutionNode = FALSE
	EndGlobalSection
	GlobalSection(ExtensibilityGlobals) = postSolution
		SolutionGuid = {B6AE4320-8E94-43B0-8340-ED24738CA791}
	EndGlobalSection
EndGlobal
